// !$*UTF8*$!
{
	archiveVersion = 1;
	classes = {
	};
	objectVersion = 46;
	objects = {

/* Begin PBXBuildFile section */
		572574841D9458A800F9FB57 /* MeliDevUtilsTests.m in Sources */ = {isa = PBXBuildFile; fileRef = 572574831D9458A800F9FB57 /* MeliDevUtilsTests.m */; };
		572574861D94609700F9FB57 /* MeliDevAccessTokenTests.m in Sources */ = {isa = PBXBuildFile; fileRef = 572574851D94609700F9FB57 /* MeliDevAccessTokenTests.m */; };
		572574881D94667C00F9FB57 /* MeliDevIdentityTests.m in Sources */ = {isa = PBXBuildFile; fileRef = 572574871D94667C00F9FB57 /* MeliDevIdentityTests.m */; };
		5725748E1D9AAC8500F9FB57 /* MeliDevLoginViewControllerTests.m in Sources */ = {isa = PBXBuildFile; fileRef = 5725748D1D9AAC8500F9FB57 /* MeliDevLoginViewControllerTests.m */; };
		57FB7E581D70804E00454AB5 /* AppDelegate.m in Sources */ = {isa = PBXBuildFile; fileRef = 57FB7E501D70804E00454AB5 /* AppDelegate.m */; };
		57FB7E591D70804E00454AB5 /* Assets.xcassets in Resources */ = {isa = PBXBuildFile; fileRef = 57FB7E511D70804E00454AB5 /* Assets.xcassets */; };
		57FB7E5B1D70804E00454AB5 /* main.m in Sources */ = {isa = PBXBuildFile; fileRef = 57FB7E541D70804E00454AB5 /* main.m */; };
		57FB7E5C1D70804E00454AB5 /* MeliDevSDKExampleViewController.m in Sources */ = {isa = PBXBuildFile; fileRef = 57FB7E561D70804E00454AB5 /* MeliDevSDKExampleViewController.m */; };
		57FB7E5D1D70804E00454AB5 /* MeliDevSDKExampleViewController.xib in Resources */ = {isa = PBXBuildFile; fileRef = 57FB7E571D70804E00454AB5 /* MeliDevSDKExampleViewController.xib */; };
		B72FEC6B7A88CF81985A640B /* libPods-MeliDevSDKTests.a in Frameworks */ = {isa = PBXBuildFile; fileRef = 44263AB8AC29723383C17564 /* libPods-MeliDevSDKTests.a */; };
		C1B91F2C588256429D1583CE /* libPods-MeliDevSDK.a in Frameworks */ = {isa = PBXBuildFile; fileRef = 5AD29E22BDBA9B9540994BC0 /* libPods-MeliDevSDK.a */; };
/* End PBXBuildFile section */

/* Begin PBXContainerItemProxy section */
		57FB7E331D706DB600454AB5 /* PBXContainerItemProxy */ = {
			isa = PBXContainerItemProxy;
			containerPortal = 57FB7E111D706DB600454AB5 /* Project object */;
			proxyType = 1;
			remoteGlobalIDString = 57FB7E181D706DB600454AB5;
			remoteInfo = MeliDevSDK;
		};
/* End PBXContainerItemProxy section */

/* Begin PBXFileReference section */
		44263AB8AC29723383C17564 /* libPods-MeliDevSDKTests.a */ = {isa = PBXFileReference; explicitFileType = archive.ar; includeInIndex = 0; path = "libPods-MeliDevSDKTests.a"; sourceTree = BUILT_PRODUCTS_DIR; };
		572574831D9458A800F9FB57 /* MeliDevUtilsTests.m */ = {isa = PBXFileReference; fileEncoding = 4; lastKnownFileType = sourcecode.c.objc; path = MeliDevUtilsTests.m; sourceTree = "<group>"; };
		572574851D94609700F9FB57 /* MeliDevAccessTokenTests.m */ = {isa = PBXFileReference; fileEncoding = 4; lastKnownFileType = sourcecode.c.objc; path = MeliDevAccessTokenTests.m; sourceTree = "<group>"; };
		572574871D94667C00F9FB57 /* MeliDevIdentityTests.m */ = {isa = PBXFileReference; fileEncoding = 4; lastKnownFileType = sourcecode.c.objc; path = MeliDevIdentityTests.m; sourceTree = "<group>"; };
		5725748D1D9AAC8500F9FB57 /* MeliDevLoginViewControllerTests.m */ = {isa = PBXFileReference; fileEncoding = 4; lastKnownFileType = sourcecode.c.objc; path = MeliDevLoginViewControllerTests.m; sourceTree = "<group>"; };
		57FB7E191D706DB600454AB5 /* MeliDevSDK.app */ = {isa = PBXFileReference; explicitFileType = wrapper.application; includeInIndex = 0; path = MeliDevSDK.app; sourceTree = BUILT_PRODUCTS_DIR; };
		57FB7E1D1D706DB600454AB5 /* main.m */ = {isa = PBXFileReference; lastKnownFileType = sourcecode.c.objc; path = main.m; sourceTree = "<group>"; };
		57FB7E321D706DB600454AB5 /* MeliDevSDKTests.xctest */ = {isa = PBXFileReference; explicitFileType = wrapper.cfbundle; includeInIndex = 0; path = MeliDevSDKTests.xctest; sourceTree = BUILT_PRODUCTS_DIR; };
		57FB7E4F1D70804E00454AB5 /* AppDelegate.h */ = {isa = PBXFileReference; fileEncoding = 4; lastKnownFileType = sourcecode.c.h; name = AppDelegate.h; path = Example/MeliDevSDK/AppDelegate.h; sourceTree = SOURCE_ROOT; };
		57FB7E501D70804E00454AB5 /* AppDelegate.m */ = {isa = PBXFileReference; fileEncoding = 4; lastKnownFileType = sourcecode.c.objc; name = AppDelegate.m; path = Example/MeliDevSDK/AppDelegate.m; sourceTree = SOURCE_ROOT; };
		57FB7E511D70804E00454AB5 /* Assets.xcassets */ = {isa = PBXFileReference; lastKnownFileType = folder.assetcatalog; name = Assets.xcassets; path = Example/MeliDevSDK/Assets.xcassets; sourceTree = SOURCE_ROOT; };
		57FB7E531D70804E00454AB5 /* Info.plist */ = {isa = PBXFileReference; fileEncoding = 4; lastKnownFileType = text.plist.xml; name = Info.plist; path = Example/MeliDevSDK/Info.plist; sourceTree = SOURCE_ROOT; };
		57FB7E541D70804E00454AB5 /* main.m */ = {isa = PBXFileReference; fileEncoding = 4; lastKnownFileType = sourcecode.c.objc; name = main.m; path = Example/MeliDevSDK/main.m; sourceTree = SOURCE_ROOT; };
		57FB7E551D70804E00454AB5 /* MeliDevSDKExampleViewController.h */ = {isa = PBXFileReference; fileEncoding = 4; lastKnownFileType = sourcecode.c.h; name = MeliDevSDKExampleViewController.h; path = Example/MeliDevSDK/MeliDevSDKExampleViewController.h; sourceTree = SOURCE_ROOT; };
		57FB7E561D70804E00454AB5 /* MeliDevSDKExampleViewController.m */ = {isa = PBXFileReference; fileEncoding = 4; lastKnownFileType = sourcecode.c.objc; name = MeliDevSDKExampleViewController.m; path = Example/MeliDevSDK/MeliDevSDKExampleViewController.m; sourceTree = SOURCE_ROOT; };
		57FB7E571D70804E00454AB5 /* MeliDevSDKExampleViewController.xib */ = {isa = PBXFileReference; fileEncoding = 4; lastKnownFileType = file.xib; name = MeliDevSDKExampleViewController.xib; path = Example/MeliDevSDK/MeliDevSDKExampleViewController.xib; sourceTree = SOURCE_ROOT; };
		5AD29E22BDBA9B9540994BC0 /* libPods-MeliDevSDK.a */ = {isa = PBXFileReference; explicitFileType = archive.ar; includeInIndex = 0; path = "libPods-MeliDevSDK.a"; sourceTree = BUILT_PRODUCTS_DIR; };
		653E4D79F80CDB72CB0995D5 /* Pods-MeliDevSDKTests.release.xcconfig */ = {isa = PBXFileReference; includeInIndex = 1; lastKnownFileType = text.xcconfig; name = "Pods-MeliDevSDKTests.release.xcconfig"; path = "Pods/Target Support Files/Pods-MeliDevSDKTests/Pods-MeliDevSDKTests.release.xcconfig"; sourceTree = "<group>"; };
		B5BF9D8DBA5F1FC4A6D9CB4D /* Pods-MeliDevSDK.debug.xcconfig */ = {isa = PBXFileReference; includeInIndex = 1; lastKnownFileType = text.xcconfig; name = "Pods-MeliDevSDK.debug.xcconfig"; path = "Pods/Target Support Files/Pods-MeliDevSDK/Pods-MeliDevSDK.debug.xcconfig"; sourceTree = "<group>"; };
		BD7ADC9BB919A2088EEE19B4 /* Pods-MeliDevSDKTests.debug.xcconfig */ = {isa = PBXFileReference; includeInIndex = 1; lastKnownFileType = text.xcconfig; name = "Pods-MeliDevSDKTests.debug.xcconfig"; path = "Pods/Target Support Files/Pods-MeliDevSDKTests/Pods-MeliDevSDKTests.debug.xcconfig"; sourceTree = "<group>"; };
		D75EDC4A9AF236581816CE89 /* Pods-MeliDevSDK.release.xcconfig */ = {isa = PBXFileReference; includeInIndex = 1; lastKnownFileType = text.xcconfig; name = "Pods-MeliDevSDK.release.xcconfig"; path = "Pods/Target Support Files/Pods-MeliDevSDK/Pods-MeliDevSDK.release.xcconfig"; sourceTree = "<group>"; };
/* End PBXFileReference section */

/* Begin PBXFrameworksBuildPhase section */
		57FB7E161D706DB600454AB5 /* Frameworks */ = {
			isa = PBXFrameworksBuildPhase;
			buildActionMask = 2147483647;
			files = (
				C1B91F2C588256429D1583CE /* libPods-MeliDevSDK.a in Frameworks */,
			);
			runOnlyForDeploymentPostprocessing = 0;
		};
		57FB7E2F1D706DB600454AB5 /* Frameworks */ = {
			isa = PBXFrameworksBuildPhase;
			buildActionMask = 2147483647;
			files = (
				B72FEC6B7A88CF81985A640B /* libPods-MeliDevSDKTests.a in Frameworks */,
			);
			runOnlyForDeploymentPostprocessing = 0;
		};
/* End PBXFrameworksBuildPhase section */

/* Begin PBXGroup section */
		572574821D94586B00F9FB57 /* MeliSDKTests */ = {
			isa = PBXGroup;
			children = (
				572574831D9458A800F9FB57 /* MeliDevUtilsTests.m */,
				572574851D94609700F9FB57 /* MeliDevAccessTokenTests.m */,
				572574871D94667C00F9FB57 /* MeliDevIdentityTests.m */,
				5725748D1D9AAC8500F9FB57 /* MeliDevLoginViewControllerTests.m */,
			);
			path = MeliSDKTests;
			sourceTree = SOURCE_ROOT;
		};
		57FB7E101D706DB600454AB5 = {
			isa = PBXGroup;
			children = (
				57FB7E1B1D706DB600454AB5 /* MeliDevSDK */,
				572574821D94586B00F9FB57 /* MeliSDKTests */,
				57FB7E1A1D706DB600454AB5 /* Products */,
				ED05EC6397C016354B071F6B /* Pods */,
				EB630A609CAAB7B203FCD179 /* Frameworks */,
			);
			sourceTree = "<group>";
		};
		57FB7E1A1D706DB600454AB5 /* Products */ = {
			isa = PBXGroup;
			children = (
				57FB7E191D706DB600454AB5 /* MeliDevSDK.app */,
				57FB7E321D706DB600454AB5 /* MeliDevSDKTests.xctest */,
			);
			name = Products;
			sourceTree = "<group>";
		};
		57FB7E1B1D706DB600454AB5 /* MeliDevSDK */ = {
			isa = PBXGroup;
			children = (
				57FB7E4F1D70804E00454AB5 /* AppDelegate.h */,
				57FB7E501D70804E00454AB5 /* AppDelegate.m */,
				57FB7E511D70804E00454AB5 /* Assets.xcassets */,
				57FB7E521D70804E00454AB5 /* Base.lproj */,
				57FB7E531D70804E00454AB5 /* Info.plist */,
				57FB7E541D70804E00454AB5 /* main.m */,
				57FB7E551D70804E00454AB5 /* MeliDevSDKExampleViewController.h */,
				57FB7E561D70804E00454AB5 /* MeliDevSDKExampleViewController.m */,
				57FB7E571D70804E00454AB5 /* MeliDevSDKExampleViewController.xib */,
				57FB7E1C1D706DB600454AB5 /* Supporting Files */,
			);
			path = MeliDevSDK;
			sourceTree = "<group>";
		};
		57FB7E1C1D706DB600454AB5 /* Supporting Files */ = {
			isa = PBXGroup;
			children = (
				57FB7E1D1D706DB600454AB5 /* main.m */,
			);
			name = "Supporting Files";
			sourceTree = "<group>";
		};
		57FB7E521D70804E00454AB5 /* Base.lproj */ = {
			isa = PBXGroup;
			children = (
			);
			name = Base.lproj;
			path = Example/MeliDevSDK/Base.lproj;
			sourceTree = SOURCE_ROOT;
		};
		EB630A609CAAB7B203FCD179 /* Frameworks */ = {
			isa = PBXGroup;
			children = (
				5AD29E22BDBA9B9540994BC0 /* libPods-MeliDevSDK.a */,
				44263AB8AC29723383C17564 /* libPods-MeliDevSDKTests.a */,
			);
			name = Frameworks;
			sourceTree = "<group>";
		};
		ED05EC6397C016354B071F6B /* Pods */ = {
			isa = PBXGroup;
			children = (
				B5BF9D8DBA5F1FC4A6D9CB4D /* Pods-MeliDevSDK.debug.xcconfig */,
				D75EDC4A9AF236581816CE89 /* Pods-MeliDevSDK.release.xcconfig */,
				BD7ADC9BB919A2088EEE19B4 /* Pods-MeliDevSDKTests.debug.xcconfig */,
				653E4D79F80CDB72CB0995D5 /* Pods-MeliDevSDKTests.release.xcconfig */,
			);
			name = Pods;
			sourceTree = "<group>";
		};
/* End PBXGroup section */

/* Begin PBXNativeTarget section */
		57FB7E181D706DB600454AB5 /* MeliDevSDK */ = {
			isa = PBXNativeTarget;
			buildConfigurationList = 57FB7E3B1D706DB600454AB5 /* Build configuration list for PBXNativeTarget "MeliDevSDK" */;
			buildPhases = (
				1A1C7410A07309C0F45E2E8A /* [CP] Check Pods Manifest.lock */,
				57FB7E151D706DB600454AB5 /* Sources */,
				57FB7E161D706DB600454AB5 /* Frameworks */,
				57FB7E171D706DB600454AB5 /* Resources */,
				046C89AFDCC85DD8A70FB803 /* [CP] Embed Pods Frameworks */,
				99E46AA2815A1CC8D70F09E0 /* [CP] Copy Pods Resources */,
			);
			buildRules = (
			);
			dependencies = (
			);
			name = MeliDevSDK;
			productName = MeliDevSDK;
			productReference = 57FB7E191D706DB600454AB5 /* MeliDevSDK.app */;
			productType = "com.apple.product-type.application";
		};
		57FB7E311D706DB600454AB5 /* MeliDevSDKTests */ = {
			isa = PBXNativeTarget;
			buildConfigurationList = 57FB7E3E1D706DB600454AB5 /* Build configuration list for PBXNativeTarget "MeliDevSDKTests" */;
			buildPhases = (
				380A6E1FE12B3EDC532776B4 /* [CP] Check Pods Manifest.lock */,
				57FB7E2E1D706DB600454AB5 /* Sources */,
				57FB7E2F1D706DB600454AB5 /* Frameworks */,
				57FB7E301D706DB600454AB5 /* Resources */,
				7CAD3FB1021A26A3ACA4C209 /* [CP] Embed Pods Frameworks */,
				F9BDB4468159292F1673B83C /* [CP] Copy Pods Resources */,
			);
			buildRules = (
			);
			dependencies = (
				57FB7E341D706DB600454AB5 /* PBXTargetDependency */,
			);
			name = MeliDevSDKTests;
			productName = MeliDevSDKTests;
			productReference = 57FB7E321D706DB600454AB5 /* MeliDevSDKTests.xctest */;
			productType = "com.apple.product-type.bundle.unit-test";
		};
/* End PBXNativeTarget section */

/* Begin PBXProject section */
		57FB7E111D706DB600454AB5 /* Project object */ = {
			isa = PBXProject;
			attributes = {
				LastUpgradeCheck = 0730;
				ORGANIZATIONNAME = "Mercado Libre";
				TargetAttributes = {
					57FB7E181D706DB600454AB5 = {
						CreatedOnToolsVersion = 7.3.1;
					};
					57FB7E311D706DB600454AB5 = {
						CreatedOnToolsVersion = 7.3.1;
						TestTargetID = 57FB7E181D706DB600454AB5;
					};
				};
			};
			buildConfigurationList = 57FB7E141D706DB600454AB5 /* Build configuration list for PBXProject "MeliDevSDK" */;
			compatibilityVersion = "Xcode 3.2";
			developmentRegion = English;
			hasScannedForEncodings = 0;
			knownRegions = (
				en,
				Base,
			);
			mainGroup = 57FB7E101D706DB600454AB5;
			productRefGroup = 57FB7E1A1D706DB600454AB5 /* Products */;
			projectDirPath = "";
			projectRoot = "";
			targets = (
				57FB7E181D706DB600454AB5 /* MeliDevSDK */,
				57FB7E311D706DB600454AB5 /* MeliDevSDKTests */,
			);
		};
/* End PBXProject section */

/* Begin PBXResourcesBuildPhase section */
		57FB7E171D706DB600454AB5 /* Resources */ = {
			isa = PBXResourcesBuildPhase;
			buildActionMask = 2147483647;
			files = (
				57FB7E591D70804E00454AB5 /* Assets.xcassets in Resources */,
				57FB7E5D1D70804E00454AB5 /* MeliDevSDKExampleViewController.xib in Resources */,
			);
			runOnlyForDeploymentPostprocessing = 0;
		};
		57FB7E301D706DB600454AB5 /* Resources */ = {
			isa = PBXResourcesBuildPhase;
			buildActionMask = 2147483647;
			files = (
			);
			runOnlyForDeploymentPostprocessing = 0;
		};
/* End PBXResourcesBuildPhase section */

/* Begin PBXShellScriptBuildPhase section */
		046C89AFDCC85DD8A70FB803 /* [CP] Embed Pods Frameworks */ = {
			isa = PBXShellScriptBuildPhase;
			buildActionMask = 2147483647;
			files = (
			);
			inputPaths = (
			);
			name = "[CP] Embed Pods Frameworks";
			outputPaths = (
			);
			runOnlyForDeploymentPostprocessing = 0;
			shellPath = /bin/sh;
			shellScript = "\"${SRCROOT}/Pods/Target Support Files/Pods-MeliDevSDK/Pods-MeliDevSDK-frameworks.sh\"\n";
			showEnvVarsInLog = 0;
		};
		1A1C7410A07309C0F45E2E8A /* [CP] Check Pods Manifest.lock */ = {
			isa = PBXShellScriptBuildPhase;
			buildActionMask = 2147483647;
			files = (
			);
			inputPaths = (
			);
			name = "[CP] Check Pods Manifest.lock";
			outputPaths = (
			);
			runOnlyForDeploymentPostprocessing = 0;
			shellPath = /bin/sh;
			shellScript = "diff \"${PODS_ROOT}/../Podfile.lock\" \"${PODS_ROOT}/Manifest.lock\" > /dev/null\nif [[ $? != 0 ]] ; then\n    cat << EOM\nerror: The sandbox is not in sync with the Podfile.lock. Run 'pod install' or update your CocoaPods installation.\nEOM\n    exit 1\nfi\n";
			showEnvVarsInLog = 0;
		};
		380A6E1FE12B3EDC532776B4 /* [CP] Check Pods Manifest.lock */ = {
			isa = PBXShellScriptBuildPhase;
			buildActionMask = 2147483647;
			files = (
			);
			inputPaths = (
			);
			name = "[CP] Check Pods Manifest.lock";
			outputPaths = (
			);
			runOnlyForDeploymentPostprocessing = 0;
			shellPath = /bin/sh;
			shellScript = "diff \"${PODS_ROOT}/../Podfile.lock\" \"${PODS_ROOT}/Manifest.lock\" > /dev/null\nif [[ $? != 0 ]] ; then\n    cat << EOM\nerror: The sandbox is not in sync with the Podfile.lock. Run 'pod install' or update your CocoaPods installation.\nEOM\n    exit 1\nfi\n";
			showEnvVarsInLog = 0;
		};
		7CAD3FB1021A26A3ACA4C209 /* [CP] Embed Pods Frameworks */ = {
			isa = PBXShellScriptBuildPhase;
			buildActionMask = 2147483647;
			files = (
			);
			inputPaths = (
			);
			name = "[CP] Embed Pods Frameworks";
			outputPaths = (
			);
			runOnlyForDeploymentPostprocessing = 0;
			shellPath = /bin/sh;
			shellScript = "\"${SRCROOT}/Pods/Target Support Files/Pods-MeliDevSDKTests/Pods-MeliDevSDKTests-frameworks.sh\"\n";
			showEnvVarsInLog = 0;
		};
		99E46AA2815A1CC8D70F09E0 /* [CP] Copy Pods Resources */ = {
			isa = PBXShellScriptBuildPhase;
			buildActionMask = 2147483647;
			files = (
			);
			inputPaths = (
			);
			name = "[CP] Copy Pods Resources";
			outputPaths = (
			);
			runOnlyForDeploymentPostprocessing = 0;
			shellPath = /bin/sh;
			shellScript = "\"${SRCROOT}/Pods/Target Support Files/Pods-MeliDevSDK/Pods-MeliDevSDK-resources.sh\"\n";
			showEnvVarsInLog = 0;
		};
		F9BDB4468159292F1673B83C /* [CP] Copy Pods Resources */ = {
			isa = PBXShellScriptBuildPhase;
			buildActionMask = 2147483647;
			files = (
			);
			inputPaths = (
			);
			name = "[CP] Copy Pods Resources";
			outputPaths = (
			);
			runOnlyForDeploymentPostprocessing = 0;
			shellPath = /bin/sh;
			shellScript = "\"${SRCROOT}/Pods/Target Support Files/Pods-MeliDevSDKTests/Pods-MeliDevSDKTests-resources.sh\"\n";
			showEnvVarsInLog = 0;
		};
/* End PBXShellScriptBuildPhase section */

/* Begin PBXSourcesBuildPhase section */
		57FB7E151D706DB600454AB5 /* Sources */ = {
			isa = PBXSourcesBuildPhase;
			buildActionMask = 2147483647;
			files = (
				57FB7E5B1D70804E00454AB5 /* main.m in Sources */,
				57FB7E581D70804E00454AB5 /* AppDelegate.m in Sources */,
				57FB7E5C1D70804E00454AB5 /* MeliDevSDKExampleViewController.m in Sources */,
			);
			runOnlyForDeploymentPostprocessing = 0;
		};
		57FB7E2E1D706DB600454AB5 /* Sources */ = {
			isa = PBXSourcesBuildPhase;
			buildActionMask = 2147483647;
			files = (
				5725748E1D9AAC8500F9FB57 /* MeliDevLoginViewControllerTests.m in Sources */,
				572574861D94609700F9FB57 /* MeliDevAccessTokenTests.m in Sources */,
				572574881D94667C00F9FB57 /* MeliDevIdentityTests.m in Sources */,
				572574841D9458A800F9FB57 /* MeliDevUtilsTests.m in Sources */,
			);
			runOnlyForDeploymentPostprocessing = 0;
		};
/* End PBXSourcesBuildPhase section */

/* Begin PBXTargetDependency section */
		57FB7E341D706DB600454AB5 /* PBXTargetDependency */ = {
			isa = PBXTargetDependency;
			target = 57FB7E181D706DB600454AB5 /* MeliDevSDK */;
			targetProxy = 57FB7E331D706DB600454AB5 /* PBXContainerItemProxy */;
		};
/* End PBXTargetDependency section */

/* Begin XCBuildConfiguration section */
		57FB7E391D706DB600454AB5 /* Debug */ = {
			isa = XCBuildConfiguration;
			buildSettings = {
				ALWAYS_SEARCH_USER_PATHS = NO;
				CLANG_ANALYZER_NONNULL = YES;
				CLANG_CXX_LANGUAGE_STANDARD = "gnu++0x";
				CLANG_CXX_LIBRARY = "libc++";
				CLANG_ENABLE_MODULES = YES;
				CLANG_ENABLE_OBJC_ARC = YES;
				CLANG_WARN_BOOL_CONVERSION = YES;
				CLANG_WARN_CONSTANT_CONVERSION = YES;
				CLANG_WARN_DIRECT_OBJC_ISA_USAGE = YES_ERROR;
				CLANG_WARN_EMPTY_BODY = YES;
				CLANG_WARN_ENUM_CONVERSION = YES;
				CLANG_WARN_INT_CONVERSION = YES;
				CLANG_WARN_OBJC_ROOT_CLASS = YES_ERROR;
				CLANG_WARN_UNREACHABLE_CODE = YES;
				CLANG_WARN__DUPLICATE_METHOD_MATCH = YES;
				"CODE_SIGN_IDENTITY[sdk=iphoneos*]" = "iPhone Developer";
				COPY_PHASE_STRIP = NO;
				DEBUG_INFORMATION_FORMAT = dwarf;
				ENABLE_STRICT_OBJC_MSGSEND = YES;
				ENABLE_TESTABILITY = YES;
				GCC_C_LANGUAGE_STANDARD = gnu99;
				GCC_DYNAMIC_NO_PIC = NO;
				GCC_NO_COMMON_BLOCKS = YES;
				GCC_OPTIMIZATION_LEVEL = 0;
				GCC_PREPROCESSOR_DEFINITIONS = (
					"DEBUG=1",
					"$(inherited)",
				);
				GCC_WARN_64_TO_32_BIT_CONVERSION = YES;
				GCC_WARN_ABOUT_RETURN_TYPE = YES_ERROR;
				GCC_WARN_UNDECLARED_SELECTOR = YES;
				GCC_WARN_UNINITIALIZED_AUTOS = YES_AGGRESSIVE;
				GCC_WARN_UNUSED_FUNCTION = YES;
				GCC_WARN_UNUSED_VARIABLE = YES;
				IPHONEOS_DEPLOYMENT_TARGET = 9.3;
				MTL_ENABLE_DEBUG_INFO = YES;
				ONLY_ACTIVE_ARCH = YES;
				SDKROOT = iphoneos;
			};
			name = Debug;
		};
		57FB7E3A1D706DB600454AB5 /* Release */ = {
			isa = XCBuildConfiguration;
			buildSettings = {
				ALWAYS_SEARCH_USER_PATHS = NO;
				CLANG_ANALYZER_NONNULL = YES;
				CLANG_CXX_LANGUAGE_STANDARD = "gnu++0x";
				CLANG_CXX_LIBRARY = "libc++";
				CLANG_ENABLE_MODULES = YES;
				CLANG_ENABLE_OBJC_ARC = YES;
				CLANG_WARN_BOOL_CONVERSION = YES;
				CLANG_WARN_CONSTANT_CONVERSION = YES;
				CLANG_WARN_DIRECT_OBJC_ISA_USAGE = YES_ERROR;
				CLANG_WARN_EMPTY_BODY = YES;
				CLANG_WARN_ENUM_CONVERSION = YES;
				CLANG_WARN_INT_CONVERSION = YES;
				CLANG_WARN_OBJC_ROOT_CLASS = YES_ERROR;
				CLANG_WARN_UNREACHABLE_CODE = YES;
				CLANG_WARN__DUPLICATE_METHOD_MATCH = YES;
				"CODE_SIGN_IDENTITY[sdk=iphoneos*]" = "iPhone Developer";
				COPY_PHASE_STRIP = NO;
				DEBUG_INFORMATION_FORMAT = "dwarf-with-dsym";
				ENABLE_NS_ASSERTIONS = NO;
				ENABLE_STRICT_OBJC_MSGSEND = YES;
				GCC_C_LANGUAGE_STANDARD = gnu99;
				GCC_NO_COMMON_BLOCKS = YES;
				GCC_WARN_64_TO_32_BIT_CONVERSION = YES;
				GCC_WARN_ABOUT_RETURN_TYPE = YES_ERROR;
				GCC_WARN_UNDECLARED_SELECTOR = YES;
				GCC_WARN_UNINITIALIZED_AUTOS = YES_AGGRESSIVE;
				GCC_WARN_UNUSED_FUNCTION = YES;
				GCC_WARN_UNUSED_VARIABLE = YES;
				IPHONEOS_DEPLOYMENT_TARGET = 9.3;
				MTL_ENABLE_DEBUG_INFO = NO;
				SDKROOT = iphoneos;
				VALIDATE_PRODUCT = YES;
			};
			name = Release;
		};
		57FB7E3C1D706DB600454AB5 /* Debug */ = {
			isa = XCBuildConfiguration;
			baseConfigurationReference = B5BF9D8DBA5F1FC4A6D9CB4D /* Pods-MeliDevSDK.debug.xcconfig */;
			buildSettings = {
				ASSETCATALOG_COMPILER_APPICON_NAME = AppIcon;
				INFOPLIST_FILE = Example/MeliDevSDK/Info.plist;
				LD_RUNPATH_SEARCH_PATHS = "$(inherited) @executable_path/Frameworks";
				PRODUCT_BUNDLE_IDENTIFIER = com.mercadolibre.MeliDevSDK;
				PRODUCT_NAME = "$(TARGET_NAME)";
			};
			name = Debug;
		};
		57FB7E3D1D706DB600454AB5 /* Release */ = {
			isa = XCBuildConfiguration;
			baseConfigurationReference = D75EDC4A9AF236581816CE89 /* Pods-MeliDevSDK.release.xcconfig */;
			buildSettings = {
				ASSETCATALOG_COMPILER_APPICON_NAME = AppIcon;
				INFOPLIST_FILE = Example/MeliDevSDK/Info.plist;
				LD_RUNPATH_SEARCH_PATHS = "$(inherited) @executable_path/Frameworks";
				PRODUCT_BUNDLE_IDENTIFIER = com.mercadolibre.MeliDevSDK;
				PRODUCT_NAME = "$(TARGET_NAME)";
			};
			name = Release;
		};
		57FB7E3F1D706DB600454AB5 /* Debug */ = {
			isa = XCBuildConfiguration;
			baseConfigurationReference = BD7ADC9BB919A2088EEE19B4 /* Pods-MeliDevSDKTests.debug.xcconfig */;
			buildSettings = {
				BUNDLE_LOADER = "$(TEST_HOST)";
				INFOPLIST_FILE = Example/MeliDevSDK/Info.plist;
				LD_RUNPATH_SEARCH_PATHS = "$(inherited) @executable_path/Frameworks @loader_path/Frameworks";
				PRODUCT_BUNDLE_IDENTIFIER = com.mercadolibre.MeliDevSDKTests;
				PRODUCT_NAME = "$(TARGET_NAME)";
				TEST_HOST = "$(BUILT_PRODUCTS_DIR)/MeliDevSDK.app/MeliDevSDK";
			};
			name = Debug;
		};
		57FB7E401D706DB600454AB5 /* Release */ = {
			isa = XCBuildConfiguration;
			baseConfigurationReference = 653E4D79F80CDB72CB0995D5 /* Pods-MeliDevSDKTests.release.xcconfig */;
			buildSettings = {
				BUNDLE_LOADER = "$(TEST_HOST)";
				INFOPLIST_FILE = Example/MeliDevSDK/Info.plist;
				LD_RUNPATH_SEARCH_PATHS = "$(inherited) @executable_path/Frameworks @loader_path/Frameworks";
				PRODUCT_BUNDLE_IDENTIFIER = com.mercadolibre.MeliDevSDKTests;
				PRODUCT_NAME = "$(TARGET_NAME)";
				TEST_HOST = "$(BUILT_PRODUCTS_DIR)/MeliDevSDK.app/MeliDevSDK";
			};
			name = Release;
		};
/* End XCBuildConfiguration section */

/* Begin XCConfigurationList section */
		57FB7E141D706DB600454AB5 /* Build configuration list for PBXProject "MeliDevSDK" */ = {
			isa = XCConfigurationList;
			buildConfigurations = (
				57FB7E391D706DB600454AB5 /* Debug */,
				57FB7E3A1D706DB600454AB5 /* Release */,
			);
			defaultConfigurationIsVisible = 0;
			defaultConfigurationName = Release;
		};
		57FB7E3B1D706DB600454AB5 /* Build configuration list for PBXNativeTarget "MeliDevSDK" */ = {
			isa = XCConfigurationList;
			buildConfigurations = (
				57FB7E3C1D706DB600454AB5 /* Debug */,
				57FB7E3D1D706DB600454AB5 /* Release */,
			);
			defaultConfigurationIsVisible = 0;
			defaultConfigurationName = Release;
		};
		57FB7E3E1D706DB600454AB5 /* Build configuration list for PBXNativeTarget "MeliDevSDKTests" */ = {
			isa = XCConfigurationList;
			buildConfigurations = (
				57FB7E3F1D706DB600454AB5 /* Debug */,
				57FB7E401D706DB600454AB5 /* Release */,
			);
			defaultConfigurationIsVisible = 0;
			defaultConfigurationName = Release;
		};
/* End XCConfigurationList section */
	};
	rootObject = 57FB7E111D706DB600454AB5 /* Project object */;
}
